
Microsoft Visual Studio Solution File, Format Version 12.00
# Visual Studio Version 16
VisualStudioVersion = 16.0.28803.202
MinimumVisualStudioVersion = 10.0.40219.1
Project("{9A19103F-16F7-4668-BE54-9A1E7A4F7556}") = "Videocutter", "Videocutter\Videocutter.csproj", "{E4C1D303-2E21-407E-A596-CF815F0C85EC}"
EndProject
Project("{FAE04EC0-301F-11D3-BF4B-00C04F79EFBC}") = "VideocutterTest", "VideocutterTest\VideocutterTest.csproj", "{6D07623D-D73F-4778-99B4-68DC195F07C6}"
EndProject
Global
	GlobalSection(SolutionConfigurationPlatforms) = preSolution
		Debug|Any CPU = Debug|Any CPU
		Release|Any CPU = Release|Any CPU
	EndGlobalSection
	GlobalSection(ProjectConfigurationPlatforms) = postSolution
		{E4C1D303-2E21-407E-A596-CF815F0C85EC}.Debug|Any CPU.ActiveCfg = Debug|Any CPU
		{E4C1D303-2E21-407E-A596-CF815F0C85EC}.Debug|Any CPU.Build.0 = Debug|Any CPU
		{E4C1D303-2E21-407E-A596-CF815F0C85EC}.Release|Any CPU.ActiveCfg = Release|Any CPU
		{E4C1D303-2E21-407E-A596-CF815F0C85EC}.Release|Any CPU.Build.0 = Release|Any CPU
		{6D07623D-D73F-4778-99B4-68DC195F07C6}.Debug|Any CPU.ActiveCfg = Debug|Any CPU
		{6D07623D-D73F-4778-99B4-68DC195F07C6}.Debug|Any CPU.Build.0 = Debug|Any CPU
		{6D07623D-D73F-4778-99B4-68DC195F07C6}.Release|Any CPU.ActiveCfg = Release|Any CPU
		{6D07623D-D73F-4778-99B4-68DC195F07C6}.Release|Any CPU.Build.0 = Release|Any CPU
	EndGlobalSection
	GlobalSection(SolutionProperties) = preSolution
		HideSolutionNode = FALSE
	EndGlobalSection
	GlobalSection(ExtensibilityGlobals) = postSolution
		SolutionGuid = {5849E157-D5F1-4341-BE77-6616DEC93F30}
	EndGlobalSection
EndGlobal
